{
  "name": "experimental-evermind-sdk-",
  "version": "1.0.0",
  "lockfileVersion": 3,
  "requires": true,
  "packages": {
    "": {
      "name": "experimental-evermind-sdk-",
      "version": "1.0.0",
      "license": "ISC",
      "dependencies": {
        "@reverbia/sdk": "^1.0.0"
      }
    },
    "node_modules/@reverbia/portal": {
      "version": "1.0.0-next.20251112",
      "resolved": "https://registry.npmjs.org/@reverbia/portal/-/portal-1.0.0-next.20251112.tgz",
      "integrity": "sha512-tet6SRzhl9ZbLmylZNA9KZ2Gbkk4EU/8G+7dyJJAXH6p4W2DgBx2CqfoWqFVdky6UqrPMvqZJKsiHC5sPHeuPg==",
      "license": "ISC"
    },
    "node_modules/@reverbia/sdk": {
      "version": "1.0.0",
      "resolved": "https://registry.npmjs.org/@reverbia/sdk/-/sdk-1.0.0.tgz",
      "integrity": "sha512-Nbld4/++bdiaYUNVWbLbC64+LBRPiIxyAYyT+lxZ9cpVQcXIpVPPcaoJYPnvoAcX0pwAI09hrXJD1UjMytW0cw==",
      "license": "ISC",
      "dependencies": {
        "@reverbia/portal": "1.0.0-next.20251112"
      }
    }
  }
}
